
Microsoft Visual Studio Solution File, Format Version 12.00
# Visual Studio Version 16
VisualStudioVersion = 16.0.31005.135
MinimumVisualStudioVersion = 10.0.40219.1
Project("{FAE04EC0-301F-11D3-BF4B-00C04F79EFBC}") = "WindowsFormsApp3", "WindowsFormsApp3\WindowsFormsApp3.csproj", "{BE6CC40B-C634-4D08-954A-5CD0AF247052}"
EndProject
Global
	GlobalSection(SolutionConfigurationPlatforms) = preSolution
		Debug|Any CPU = Debug|Any CPU
		Release|Any CPU = Release|Any CPU
	EndGlobalSection
	GlobalSection(ProjectConfigurationPlatforms) = postSolution
		{BE6CC40B-C634-4D08-954A-5CD0AF247052}.Debug|Any CPU.ActiveCfg = Debug|Any CPU
		{BE6CC40B-C634-4D08-954A-5CD0AF247052}.Debug|Any CPU.Build.0 = Debug|Any CPU
		{BE6CC40B-C634-4D08-954A-5CD0AF247052}.Release|Any CPU.ActiveCfg = Release|Any CPU
		{BE6CC40B-C634-4D08-954A-5CD0AF247052}.Release|Any CPU.Build.0 = Release|Any CPU
	EndGlobalSection
	GlobalSection(SolutionProperties) = preSolution
		HideSolutionNode = FALSE
	EndGlobalSection
	GlobalSection(ExtensibilityGlobals) = postSolution
		SolutionGuid = {573DC5B2-7D0B-46D5-ACCB-FAE45670FE5B}
	EndGlobalSection
EndGlobal
